
Microsoft Visual Studio Solution File, Format Version 12.00
# Visual Studio 15
VisualStudioVersion = 15.0.28307.168
MinimumVisualStudioVersion = 10.0.40219.1
Project("{9A19103F-16F7-4668-BE54-9A1E7A4F7556}") = "Baldin.SebEJ.Gallery.Web", "Baldin.SebEJ.Gallery.Web\Baldin.SebEJ.Gallery.Web.csproj", "{F3275280-475C-4948-B650-C652B6D8CFFE}"
EndProject
Project("{9A19103F-16F7-4668-BE54-9A1E7A4F7556}") = "Baldin.SebEJ.Gallery.Data", "Baldin.SebEJ.Gallery.Data\Baldin.SebEJ.Gallery.Data.csproj", "{8D39B2B3-D3CF-4CD2-B3FE-C88140DD9648}"
EndProject
Project("{9A19103F-16F7-4668-BE54-9A1E7A4F7556}") = "Baldin.SebEJ.Gallery.ImageStorage", "Baldin.SebEJ.Gallery.ImageStorage\Baldin.SebEJ.Gallery.ImageStorage.csproj", "{7395D542-2D7C-483E-B37C-580CF4A5E19D}"
EndProject
Project("{2150E333-8FDC-42A3-9474-1A3956D46DE8}") = "Solution Items", "Solution Items", "{75582986-6B11-4208-B168-D266AB9F62C4}"
	ProjectSection(SolutionItems) = preProject
		LICENSE.txt = LICENSE.txt
	EndProjectSection
EndProject
Project("{9A19103F-16F7-4668-BE54-9A1E7A4F7556}") = "Baldin.SebEJ.Gallery.Thumbnail", "Baldin.SebEJ.Gallery.Thumbnail\Baldin.SebEJ.Gallery.Thumbnail.csproj", "{E20F9C9A-10C3-44B2-93D0-1D5498A28AF5}"
EndProject
Project("{FAE04EC0-301F-11D3-BF4B-00C04F79EFBC}") = "Baldin.SebEJ.Gallery.Caching", "Baldin.SebEJ.Gallery.Caching\Baldin.SebEJ.Gallery.Caching.csproj", "{71B7FB33-5796-42D4-8FE3-2DDEA57EC38A}"
EndProject
Global
	GlobalSection(SolutionConfigurationPlatforms) = preSolution
		Debug|Any CPU = Debug|Any CPU
		Release|Any CPU = Release|Any CPU
	EndGlobalSection
	GlobalSection(ProjectConfigurationPlatforms) = postSolution
		{F3275280-475C-4948-B650-C652B6D8CFFE}.Debug|Any CPU.ActiveCfg = Debug|Any CPU
		{F3275280-475C-4948-B650-C652B6D8CFFE}.Debug|Any CPU.Build.0 = Debug|Any CPU
		{F3275280-475C-4948-B650-C652B6D8CFFE}.Release|Any CPU.ActiveCfg = Release|Any CPU
		{F3275280-475C-4948-B650-C652B6D8CFFE}.Release|Any CPU.Build.0 = Release|Any CPU
		{8D39B2B3-D3CF-4CD2-B3FE-C88140DD9648}.Debug|Any CPU.ActiveCfg = Debug|Any CPU
		{8D39B2B3-D3CF-4CD2-B3FE-C88140DD9648}.Debug|Any CPU.Build.0 = Debug|Any CPU
		{8D39B2B3-D3CF-4CD2-B3FE-C88140DD9648}.Release|Any CPU.ActiveCfg = Release|Any CPU
		{8D39B2B3-D3CF-4CD2-B3FE-C88140DD9648}.Release|Any CPU.Build.0 = Release|Any CPU
		{7395D542-2D7C-483E-B37C-580CF4A5E19D}.Debug|Any CPU.ActiveCfg = Debug|Any CPU
		{7395D542-2D7C-483E-B37C-580CF4A5E19D}.Debug|Any CPU.Build.0 = Debug|Any CPU
		{7395D542-2D7C-483E-B37C-580CF4A5E19D}.Release|Any CPU.ActiveCfg = Release|Any CPU
		{7395D542-2D7C-483E-B37C-580CF4A5E19D}.Release|Any CPU.Build.0 = Release|Any CPU
		{E20F9C9A-10C3-44B2-93D0-1D5498A28AF5}.Debug|Any CPU.ActiveCfg = Debug|Any CPU
		{E20F9C9A-10C3-44B2-93D0-1D5498A28AF5}.Debug|Any CPU.Build.0 = Debug|Any CPU
		{E20F9C9A-10C3-44B2-93D0-1D5498A28AF5}.Release|Any CPU.ActiveCfg = Release|Any CPU
		{E20F9C9A-10C3-44B2-93D0-1D5498A28AF5}.Release|Any CPU.Build.0 = Release|Any CPU
		{71B7FB33-5796-42D4-8FE3-2DDEA57EC38A}.Debug|Any CPU.ActiveCfg = Debug|Any CPU
		{71B7FB33-5796-42D4-8FE3-2DDEA57EC38A}.Debug|Any CPU.Build.0 = Debug|Any CPU
		{71B7FB33-5796-42D4-8FE3-2DDEA57EC38A}.Release|Any CPU.ActiveCfg = Release|Any CPU
		{71B7FB33-5796-42D4-8FE3-2DDEA57EC38A}.Release|Any CPU.Build.0 = Release|Any CPU
	EndGlobalSection
	GlobalSection(SolutionProperties) = preSolution
		HideSolutionNode = FALSE
	EndGlobalSection
	GlobalSection(ExtensibilityGlobals) = postSolution
		SolutionGuid = {5D8CA9DE-9A6B-403B-9F9F-C85C07480A9E}
	EndGlobalSection
EndGlobal
